// !$*UTF8*$!
{
	archiveVersion = 1;
	classes = {
	};
	objectVersion = 55;
	objects = {

/* Begin PBXBuildFile section */
		4767F34D2771813A00241095 /* AppDelegate.swift in Sources */ = {isa = PBXBuildFile; fileRef = 4767F34C2771813A00241095 /* AppDelegate.swift */; };
		4767F34F2771813A00241095 /* SceneDelegate.swift in Sources */ = {isa = PBXBuildFile; fileRef = 4767F34E2771813A00241095 /* SceneDelegate.swift */; };
		4767F3512771813A00241095 /* ViewController.swift in Sources */ = {isa = PBXBuildFile; fileRef = 4767F3502771813A00241095 /* ViewController.swift */; };
		4767F3542771813A00241095 /* Main.storyboard in Resources */ = {isa = PBXBuildFile; fileRef = 4767F3522771813A00241095 /* Main.storyboard */; };
		4767F3562771813C00241095 /* Assets.xcassets in Resources */ = {isa = PBXBuildFile; fileRef = 4767F3552771813C00241095 /* Assets.xcassets */; };
		4767F3592771813C00241095 /* LaunchScreen.storyboard in Resources */ = {isa = PBXBuildFile; fileRef = 4767F3572771813C00241095 /* LaunchScreen.storyboard */; };
		73BCAE7AEE0BB3ACDA3DDEAF /* Pods_FontAwesomeSwift_Sample.framework in Frameworks */ = {isa = PBXBuildFile; fileRef = 44036343179CF0789D51CCFC /* Pods_FontAwesomeSwift_Sample.framework */; };
/* End PBXBuildFile section */

/* Begin PBXFileReference section */
		44036343179CF0789D51CCFC /* Pods_FontAwesomeSwift_Sample.framework */ = {isa = PBXFileReference; explicitFileType = wrapper.framework; includeInIndex = 0; path = Pods_FontAwesomeSwift_Sample.framework; sourceTree = BUILT_PRODUCTS_DIR; };
		4767F3492771813A00241095 /* FontAwesomeSwift-Sample.app */ = {isa = PBXFileReference; explicitFileType = wrapper.application; includeInIndex = 0; path = "FontAwesomeSwift-Sample.app"; sourceTree = BUILT_PRODUCTS_DIR; };
		4767F34C2771813A00241095 /* AppDelegate.swift */ = {isa = PBXFileReference; lastKnownFileType = sourcecode.swift; path = AppDelegate.swift; sourceTree = "<group>"; };
		4767F34E2771813A00241095 /* SceneDelegate.swift */ = {isa = PBXFileReference; lastKnownFileType = sourcecode.swift; path = SceneDelegate.swift; sourceTree = "<group>"; };
		4767F3502771813A00241095 /* ViewController.swift */ = {isa = PBXFileReference; lastKnownFileType = sourcecode.swift; path = ViewController.swift; sourceTree = "<group>"; };
		4767F3532771813A00241095 /* Base */ = {isa = PBXFileReference; lastKnownFileType = file.storyboard; name = Base; path = Base.lproj/Main.storyboard; sourceTree = "<group>"; };
		4767F3552771813C00241095 /* Assets.xcassets */ = {isa = PBXFileReference; lastKnownFileType = folder.assetcatalog; path = Assets.xcassets; sourceTree = "<group>"; };
		4767F3582771813C00241095 /* Base */ = {isa = PBXFileReference; lastKnownFileType = file.storyboard; name = Base; path = Base.lproj/LaunchScreen.storyboard; sourceTree = "<group>"; };
		4767F35A2771813C00241095 /* Info.plist */ = {isa = PBXFileReference; lastKnownFileType = text.plist.xml; path = Info.plist; sourceTree = "<group>"; };
		493F5BDE89B3E082BAF109F1 /* Pods-FontAwesomeSwift-Sample.debug.xcconfig */ = {isa = PBXFileReference; includeInIndex = 1; lastKnownFileType = text.xcconfig; name = "Pods-FontAwesomeSwift-Sample.debug.xcconfig"; path = "Target Support Files/Pods-FontAwesomeSwift-Sample/Pods-FontAwesomeSwift-Sample.debug.xcconfig"; sourceTree = "<group>"; };
		86005F6C2348A2523054048A /* Pods-FontAwesomeSwift-Sample.release.xcconfig */ = {isa = PBXFileReference; includeInIndex = 1; lastKnownFileType = text.xcconfig; name = "Pods-FontAwesomeSwift-Sample.release.xcconfig"; path = "Target Support Files/Pods-FontAwesomeSwift-Sample/Pods-FontAwesomeSwift-Sample.release.xcconfig"; sourceTree = "<group>"; };
/* End PBXFileReference section */

/* Begin PBXFrameworksBuildPhase section */
		4767F3462771813A00241095 /* Frameworks */ = {
			isa = PBXFrameworksBuildPhase;
			buildActionMask = 2147483647;
			files = (
				73BCAE7AEE0BB3ACDA3DDEAF /* Pods_FontAwesomeSwift_Sample.framework in Frameworks */,
			);
			runOnlyForDeploymentPostprocessing = 0;
		};
/* End PBXFrameworksBuildPhase section */

/* Begin PBXGroup section */
		0AA129E81F4510D26B02EFC6 /* Pods */ = {
			isa = PBXGroup;
			children = (
				493F5BDE89B3E082BAF109F1 /* Pods-FontAwesomeSwift-Sample.debug.xcconfig */,
				86005F6C2348A2523054048A /* Pods-FontAwesomeSwift-Sample.release.xcconfig */,
			);
			name = Pods;
			path = Pods;
			sourceTree = "<group>";
		};
		4767F3402771813A00241095 = {
			isa = PBXGroup;
			children = (
				4767F34B2771813A00241095 /* FontAwesomeSwift-Sample */,
				4767F34A2771813A00241095 /* Products */,
				0AA129E81F4510D26B02EFC6 /* Pods */,
				FE95D3CE4AA0964361073EAA /* Frameworks */,
			);
			sourceTree = "<group>";
		};
		4767F34A2771813A00241095 /* Products */ = {
			isa = PBXGroup;
			children = (
				4767F3492771813A00241095 /* FontAwesomeSwift-Sample.app */,
			);
			name = Products;
			sourceTree = "<group>";
		};
		4767F34B2771813A00241095 /* FontAwesomeSwift-Sample */ = {
			isa = PBXGroup;
			children = (
				4767F34C2771813A00241095 /* AppDelegate.swift */,
				4767F34E2771813A00241095 /* SceneDelegate.swift */,
				4767F3502771813A00241095 /* ViewController.swift */,
				4767F3522771813A00241095 /* Main.storyboard */,
				4767F3552771813C00241095 /* Assets.xcassets */,
				4767F3572771813C00241095 /* LaunchScreen.storyboard */,
				4767F35A2771813C00241095 /* Info.plist */,
			);
			path = "FontAwesomeSwift-Sample";
			sourceTree = "<group>";
		};
		FE95D3CE4AA0964361073EAA /* Frameworks */ = {
			isa = PBXGroup;
			children = (
				44036343179CF0789D51CCFC /* Pods_FontAwesomeSwift_Sample.framework */,
			);
			name = Frameworks;
			sourceTree = "<group>";
		};
/* End PBXGroup section */

/* Begin PBXNativeTarget section */
		4767F3482771813A00241095 /* FontAwesomeSwift-Sample */ = {
			isa = PBXNativeTarget;
			buildConfigurationList = 4767F35D2771813C00241095 /* Build configuration list for PBXNativeTarget "FontAwesomeSwift-Sample" */;
			buildPhases = (
				1101B2C5F4E4F0A84D4173E6 /* [CP] Check Pods Manifest.lock */,
				4767F3452771813A00241095 /* Sources */,
				4767F3462771813A00241095 /* Frameworks */,
				4767F3472771813A00241095 /* Resources */,
				52691B091648F398CF66B1A5 /* [CP] Embed Pods Frameworks */,
			);
			buildRules = (
			);
			dependencies = (
			);
			name = "FontAwesomeSwift-Sample";
			productName = "FontAwesomeSwift-Sample";
			productReference = 4767F3492771813A00241095 /* FontAwesomeSwift-Sample.app */;
			productType = "com.apple.product-type.application";
		};
/* End PBXNativeTarget section */

/* Begin PBXProject section */
		4767F3412771813A00241095 /* Project object */ = {
			isa = PBXProject;
			attributes = {
				BuildIndependentTargetsInParallel = 1;
				LastSwiftUpdateCheck = 1310;
				LastUpgradeCheck = 1310;
				TargetAttributes = {
					4767F3482771813A00241095 = {
						CreatedOnToolsVersion = 13.1;
					};
				};
			};
			buildConfigurationList = 4767F3442771813A00241095 /* Build configuration list for PBXProject "FontAwesomeSwift-Sample" */;
			compatibilityVersion = "Xcode 13.0";
			developmentRegion = en;
			hasScannedForEncodings = 0;
			knownRegions = (
				en,
				Base,
			);
			mainGroup = 4767F3402771813A00241095;
			productRefGroup = 4767F34A2771813A00241095 /* Products */;
			projectDirPath = "";
			projectRoot = "";
			targets = (
				4767F3482771813A00241095 /* FontAwesomeSwift-Sample */,
			);
		};
/* End PBXProject section */

/* Begin PBXResourcesBuildPhase section */
		4767F3472771813A00241095 /* Resources */ = {
			isa = PBXResourcesBuildPhase;
			buildActionMask = 2147483647;
			files = (
				4767F3592771813C00241095 /* LaunchScreen.storyboard in Resources */,
				4767F3562771813C00241095 /* Assets.xcassets in Resources */,
				4767F3542771813A00241095 /* Main.storyboard in Resources */,
			);
			runOnlyForDeploymentPostprocessing = 0;
		};
/* End PBXResourcesBuildPhase section */

/* Begin PBXShellScriptBuildPhase section */
		1101B2C5F4E4F0A84D4173E6 /* [CP] Check Pods Manifest.lock */ = {
			isa = PBXShellScriptBuildPhase;
			buildActionMask = 2147483647;
			files = (
			);
			inputFileListPaths = (
			);
			inputPaths = (
				"${PODS_PODFILE_DIR_PATH}/Podfile.lock",
				"${PODS_ROOT}/Manifest.lock",
			);
			name = "[CP] Check Pods Manifest.lock";
			outputFileListPaths = (
			);
			outputPaths = (
				"$(DERIVED_FILE_DIR)/Pods-FontAwesomeSwift-Sample-checkManifestLockResult.txt",
			);
			runOnlyForDeploymentPostprocessing = 0;
			shellPath = /bin/sh;
			shellScript = "diff \"${PODS_PODFILE_DIR_PATH}/Podfile.lock\" \"${PODS_ROOT}/Manifest.lock\" > /dev/null\nif [ $? != 0 ] ; then\n    # print error to STDERR\n    echo \"error: The sandbox is not in sync with the Podfile.lock. Run 'pod install' or update your CocoaPods installation.\" >&2\n    exit 1\nfi\n# This output is used by Xcode 'outputs' to avoid re-running this script phase.\necho \"SUCCESS\" > \"${SCRIPT_OUTPUT_FILE_0}\"\n";
			showEnvVarsInLog = 0;
		};
		52691B091648F398CF66B1A5 /* [CP] Embed Pods Frameworks */ = {
			isa = PBXShellScriptBuildPhase;
			buildActionMask = 2147483647;
			files = (
			);
			inputFileListPaths = (
				"${PODS_ROOT}/Target Support Files/Pods-FontAwesomeSwift-Sample/Pods-FontAwesomeSwift-Sample-frameworks-${CONFIGURATION}-input-files.xcfilelist",
			);
			name = "[CP] Embed Pods Frameworks";
			outputFileListPaths = (
				"${PODS_ROOT}/Target Support Files/Pods-FontAwesomeSwift-Sample/Pods-FontAwesomeSwift-Sample-frameworks-${CONFIGURATION}-output-files.xcfilelist",
			);
			runOnlyForDeploymentPostprocessing = 0;
			shellPath = /bin/sh;
			shellScript = "\"${PODS_ROOT}/Target Support Files/Pods-FontAwesomeSwift-Sample/Pods-FontAwesomeSwift-Sample-frameworks.sh\"\n";
			showEnvVarsInLog = 0;
		};
/* End PBXShellScriptBuildPhase section */

/* Begin PBXSourcesBuildPhase section */
		4767F3452771813A00241095 /* Sources */ = {
			isa = PBXSourcesBuildPhase;
			buildActionMask = 2147483647;
			files = (
				4767F3512771813A00241095 /* ViewController.swift in Sources */,
				4767F34D2771813A00241095 /* AppDelegate.swift in Sources */,
				4767F34F2771813A00241095 /* SceneDelegate.swift in Sources */,
			);
			runOnlyForDeploymentPostprocessing = 0;
		};
/* End PBXSourcesBuildPhase section */

/* Begin PBXVariantGroup section */
		4767F3522771813A00241095 /* Main.storyboard */ = {
			isa = PBXVariantGroup;
			children = (
				4767F3532771813A00241095 /* Base */,
			);
			name = Main.storyboard;
			sourceTree = "<group>";
		};
		4767F3572771813C00241095 /* LaunchScreen.storyboard */ = {
			isa = PBXVariantGroup;
			children = (
				4767F3582771813C00241095 /* Base */,
			);
			name = LaunchScreen.storyboard;
			sourceTree = "<group>";
		};
/* End PBXVariantGroup section */

/* Begin XCBuildConfiguration section */
		4767F35B2771813C00241095 /* Debug */ = {
			isa = XCBuildConfiguration;
			buildSettings = {
				ALWAYS_SEARCH_USER_PATHS = NO;
				CLANG_ANALYZER_NONNULL = YES;
				CLANG_ANALYZER_NUMBER_OBJECT_CONVERSION = YES_AGGRESSIVE;
				CLANG_CXX_LANGUAGE_STANDARD = "gnu++17";
				CLANG_CXX_LIBRARY = "libc++";
				CLANG_ENABLE_MODULES = YES;
				CLANG_ENABLE_OBJC_ARC = YES;
				CLANG_ENABLE_OBJC_WEAK = YES;
				CLANG_WARN_BLOCK_CAPTURE_AUTORELEASING = YES;
				CLANG_WARN_BOOL_CONVERSION = YES;
				CLANG_WARN_COMMA = YES;
				CLANG_WARN_CONSTANT_CONVERSION = YES;
				CLANG_WARN_DEPRECATED_OBJC_IMPLEMENTATIONS = YES;
				CLANG_WARN_DIRECT_OBJC_ISA_USAGE = YES_ERROR;
				CLANG_WARN_DOCUMENTATION_COMMENTS = YES;
				CLANG_WARN_EMPTY_BODY = YES;
				CLANG_WARN_ENUM_CONVERSION = YES;
				CLANG_WARN_INFINITE_RECURSION = YES;
				CLANG_WARN_INT_CONVERSION = YES;
				CLANG_WARN_NON_LITERAL_NULL_CONVERSION = YES;
				CLANG_WARN_OBJC_IMPLICIT_RETAIN_SELF = YES;
				CLANG_WARN_OBJC_LITERAL_CONVERSION = YES;
				CLANG_WARN_OBJC_ROOT_CLASS = YES_ERROR;
				CLANG_WARN_QUOTED_INCLUDE_IN_FRAMEWORK_HEADER = YES;
				CLANG_WARN_RANGE_LOOP_ANALYSIS = YES;
				CLANG_WARN_STRICT_PROTOTYPES = YES;
				CLANG_WARN_SUSPICIOUS_MOVE = YES;
				CLANG_WARN_UNGUARDED_AVAILABILITY = YES_AGGRESSIVE;
				CLANG_WARN_UNREACHABLE_CODE = YES;
				CLANG_WARN__DUPLICATE_METHOD_MATCH = YES;
				COPY_PHASE_STRIP = NO;
				DEBUG_INFORMATION_FORMAT = dwarf;
				ENABLE_STRICT_OBJC_MSGSEND = YES;
				ENABLE_TESTABILITY = YES;
				GCC_C_LANGUAGE_STANDARD = gnu11;
				GCC_DYNAMIC_NO_PIC = NO;
				GCC_NO_COMMON_BLOCKS = YES;
				GCC_OPTIMIZATION_LEVEL = 0;
				GCC_PREPROCESSOR_DEFINITIONS = (
					"DEBUG=1",
					"$(inherited)",
				);
				GCC_WARN_64_TO_32_BIT_CONVERSION = YES;
				GCC_WARN_ABOUT_RETURN_TYPE = YES_ERROR;
				GCC_WARN_UNDECLARED_SELECTOR = YES;
				GCC_WARN_UNINITIALIZED_AUTOS = YES_AGGRESSIVE;
				GCC_WARN_UNUSED_FUNCTION = YES;
				GCC_WARN_UNUSED_VARIABLE = YES;
				IPHONEOS_DEPLOYMENT_TARGET = 15.0;
				MTL_ENABLE_DEBUG_INFO = INCLUDE_SOURCE;
				MTL_FAST_MATH = YES;
				ONLY_ACTIVE_ARCH = YES;
				SDKROOT = iphoneos;
				SWIFT_ACTIVE_COMPILATION_CONDITIONS = DEBUG;
				SWIFT_OPTIMIZATION_LEVEL = "-Onone";
			};
			name = Debug;
		};
		4767F35C2771813C00241095 /* Release */ = {
			isa = XCBuildConfiguration;
			buildSettings = {
				ALWAYS_SEARCH_USER_PATHS = NO;
				CLANG_ANALYZER_NONNULL = YES;
				CLANG_ANALYZER_NUMBER_OBJECT_CONVERSION = YES_AGGRESSIVE;
				CLANG_CXX_LANGUAGE_STANDARD = "gnu++17";
				CLANG_CXX_LIBRARY = "libc++";
				CLANG_ENABLE_MODULES = YES;
				CLANG_ENABLE_OBJC_ARC = YES;
				CLANG_ENABLE_OBJC_WEAK = YES;
				CLANG_WARN_BLOCK_CAPTURE_AUTORELEASING = YES;
				CLANG_WARN_BOOL_CONVERSION = YES;
				CLANG_WARN_COMMA = YES;
				CLANG_WARN_CONSTANT_CONVERSION = YES;
				CLANG_WARN_DEPRECATED_OBJC_IMPLEMENTATIONS = YES;
				CLANG_WARN_DIRECT_OBJC_ISA_USAGE = YES_ERROR;
				CLANG_WARN_DOCUMENTATION_COMMENTS = YES;
				CLANG_WARN_EMPTY_BODY = YES;
				CLANG_WARN_ENUM_CONVERSION = YES;
				CLANG_WARN_INFINITE_RECURSION = YES;
				CLANG_WARN_INT_CONVERSION = YES;
				CLANG_WARN_NON_LITERAL_NULL_CONVERSION = YES;
				CLANG_WARN_OBJC_IMPLICIT_RETAIN_SELF = YES;
				CLANG_WARN_OBJC_LITERAL_CONVERSION = YES;
				CLANG_WARN_OBJC_ROOT_CLASS = YES_ERROR;
				CLANG_WARN_QUOTED_INCLUDE_IN_FRAMEWORK_HEADER = YES;
				CLANG_WARN_RANGE_LOOP_ANALYSIS = YES;
				CLANG_WARN_STRICT_PROTOTYPES = YES;
				CLANG_WARN_SUSPICIOUS_MOVE = YES;
				CLANG_WARN_UNGUARDED_AVAILABILITY = YES_AGGRESSIVE;
				CLANG_WARN_UNREACHABLE_CODE = YES;
				CLANG_WARN__DUPLICATE_METHOD_MATCH = YES;
				COPY_PHASE_STRIP = NO;
				DEBUG_INFORMATION_FORMAT = "dwarf-with-dsym";
				ENABLE_NS_ASSERTIONS = NO;
				ENABLE_STRICT_OBJC_MSGSEND = YES;
				GCC_C_LANGUAGE_STANDARD = gnu11;
				GCC_NO_COMMON_BLOCKS = YES;
				GCC_WARN_64_TO_32_BIT_CONVERSION = YES;
				GCC_WARN_ABOUT_RETURN_TYPE = YES_ERROR;
				GCC_WARN_UNDECLARED_SELECTOR = YES;
				GCC_WARN_UNINITIALIZED_AUTOS = YES_AGGRESSIVE;
				GCC_WARN_UNUSED_FUNCTION = YES;
				GCC_WARN_UNUSED_VARIABLE = YES;
				IPHONEOS_DEPLOYMENT_TARGET = 15.0;
				MTL_ENABLE_DEBUG_INFO = NO;
				MTL_FAST_MATH = YES;
				SDKROOT = iphoneos;
				SWIFT_COMPILATION_MODE = wholemodule;
				SWIFT_OPTIMIZATION_LEVEL = "-O";
				VALIDATE_PRODUCT = YES;
			};
			name = Release;
		};
		4767F35E2771813C00241095 /* Debug */ = {
			isa = XCBuildConfiguration;
			baseConfigurationReference = 493F5BDE89B3E082BAF109F1 /* Pods-FontAwesomeSwift-Sample.debug.xcconfig */;
			buildSettings = {
				ASSETCATALOG_COMPILER_APPICON_NAME = AppIcon;
				ASSETCATALOG_COMPILER_GLOBAL_ACCENT_COLOR_NAME = AccentColor;
				CODE_SIGN_STYLE = Automatic;
				CURRENT_PROJECT_VERSION = 1;
				DEVELOPMENT_TEAM = HAMLUR4PQA;
				GENERATE_INFOPLIST_FILE = YES;
				INFOPLIST_FILE = "FontAwesomeSwift-Sample/Info.plist";
				INFOPLIST_KEY_UIApplicationSupportsIndirectInputEvents = YES;
				INFOPLIST_KEY_UILaunchStoryboardName = LaunchScreen;
				INFOPLIST_KEY_UIMainStoryboardFile = Main;
				INFOPLIST_KEY_UISupportedInterfaceOrientations_iPad = "UIInterfaceOrientationPortrait UIInterfaceOrientationPortraitUpsideDown UIInterfaceOrientationLandscapeLeft UIInterfaceOrientationLandscapeRight";
				INFOPLIST_KEY_UISupportedInterfaceOrientations_iPhone = "UIInterfaceOrientationPortrait UIInterfaceOrientationLandscapeLeft UIInterfaceOrientationLandscapeRight";
				LD_RUNPATH_SEARCH_PATHS = (
					"$(inherited)",
					"@executable_path/Frameworks",
				);
				MARKETING_VERSION = 1.0;
				PRODUCT_BUNDLE_IDENTIFIER = "com.kyohei.FontAwesomeSwift-Sample";
				PRODUCT_NAME = "$(TARGET_NAME)";
				SWIFT_EMIT_LOC_STRINGS = YES;
				SWIFT_VERSION = 5.0;
				TARGETED_DEVICE_FAMILY = 1;
			};
			name = Debug;
		};
		4767F35F2771813C00241095 /* Release */ = {
			isa = XCBuildConfiguration;
			baseConfigurationReference = 86005F6C2348A2523054048A /* Pods-FontAwesomeSwift-Sample.release.xcconfig */;
			buildSettings = {
				ASSETCATALOG_COMPILER_APPICON_NAME = AppIcon;
				ASSETCATALOG_COMPILER_GLOBAL_ACCENT_COLOR_NAME = AccentColor;
				CODE_SIGN_STYLE = Automatic;
				CURRENT_PROJECT_VERSION = 1;
				DEVELOPMENT_TEAM = HAMLUR4PQA;
				GENERATE_INFOPLIST_FILE = YES;
				INFOPLIST_FILE = "FontAwesomeSwift-Sample/Info.plist";
				INFOPLIST_KEY_UIApplicationSupportsIndirectInputEvents = YES;
				INFOPLIST_KEY_UILaunchStoryboardName = LaunchScreen;
				INFOPLIST_KEY_UIMainStoryboardFile = Main;
				INFOPLIST_KEY_UISupportedInterfaceOrientations_iPad = "UIInterfaceOrientationPortrait UIInterfaceOrientationPortraitUpsideDown UIInterfaceOrientationLandscapeLeft UIInterfaceOrientationLandscapeRight";
				INFOPLIST_KEY_UISupportedInterfaceOrientations_iPhone = "UIInterfaceOrientationPortrait UIInterfaceOrientationLandscapeLeft UIInterfaceOrientationLandscapeRight";
				LD_RUNPATH_SEARCH_PATHS = (
					"$(inherited)",
					"@executable_path/Frameworks",
				);
				MARKETING_VERSION = 1.0;
				PRODUCT_BUNDLE_IDENTIFIER = "com.kyohei.FontAwesomeSwift-Sample";
				PRODUCT_NAME = "$(TARGET_NAME)";
				SWIFT_EMIT_LOC_STRINGS = YES;
				SWIFT_VERSION = 5.0;
				TARGETED_DEVICE_FAMILY = 1;
			};
			name = Release;
		};
/* End XCBuildConfiguration section */

/* Begin XCConfigurationList section */
		4767F3442771813A00241095 /* Build configuration list for PBXProject "FontAwesomeSwift-Sample" */ = {
			isa = XCConfigurationList;
			buildConfigurations = (
				4767F35B2771813C00241095 /* Debug */,
				4767F35C2771813C00241095 /* Release */,
			);
			defaultConfigurationIsVisible = 0;
			defaultConfigurationName = Release;
		};
		4767F35D2771813C00241095 /* Build configuration list for PBXNativeTarget "FontAwesomeSwift-Sample" */ = {
			isa = XCConfigurationList;
			buildConfigurations = (
				4767F35E2771813C00241095 /* Debug */,
				4767F35F2771813C00241095 /* Release */,
			);
			defaultConfigurationIsVisible = 0;
			defaultConfigurationName = Release;
		};
/* End XCConfigurationList section */
	};
	rootObject = 4767F3412771813A00241095 /* Project object */;
}
